
Microsoft Visual Studio Solution File, Format Version 12.00
# Visual Studio 14
VisualStudioVersion = 14.0.25420.1
MinimumVisualStudioVersion = 10.0.40219.1
Project("{FAE04EC0-301F-11D3-BF4B-00C04F79EFBC}") = "ScannerDemo", "ScannerDemo\ScannerDemo.csproj", "{D6CB3CC3-23A9-4437-989B-EA72996166C7}"
	ProjectSection(ProjectDependencies) = postProject
		{4ADC72BB-C0D1-47A5-83E1-0EC8FFB90854} = {4ADC72BB-C0D1-47A5-83E1-0EC8FFB90854}
	EndProjectSection
EndProject
Project("{FAE04EC0-301F-11D3-BF4B-00C04F79EFBC}") = "ScannerHandler", "ScannerHandler\ScannerHandler.csproj", "{4ADC72BB-C0D1-47A5-83E1-0EC8FFB90854}"
EndProject
Global
	GlobalSection(SolutionConfigurationPlatforms) = preSolution
		Debug|Any CPU = Debug|Any CPU
		Release|Any CPU = Release|Any CPU
	EndGlobalSection
	GlobalSection(ProjectConfigurationPlatforms) = postSolution
		{D6CB3CC3-23A9-4437-989B-EA72996166C7}.Debug|Any CPU.ActiveCfg = Debug|Any CPU
		{D6CB3CC3-23A9-4437-989B-EA72996166C7}.Debug|Any CPU.Build.0 = Debug|Any CPU
		{D6CB3CC3-23A9-4437-989B-EA72996166C7}.Release|Any CPU.ActiveCfg = Release|Any CPU
		{D6CB3CC3-23A9-4437-989B-EA72996166C7}.Release|Any CPU.Build.0 = Release|Any CPU
		{4ADC72BB-C0D1-47A5-83E1-0EC8FFB90854}.Debug|Any CPU.ActiveCfg = Debug|Any CPU
		{4ADC72BB-C0D1-47A5-83E1-0EC8FFB90854}.Debug|Any CPU.Build.0 = Debug|Any CPU
		{4ADC72BB-C0D1-47A5-83E1-0EC8FFB90854}.Release|Any CPU.ActiveCfg = Release|Any CPU
		{4ADC72BB-C0D1-47A5-83E1-0EC8FFB90854}.Release|Any CPU.Build.0 = Release|Any CPU
	EndGlobalSection
	GlobalSection(SolutionProperties) = preSolution
		HideSolutionNode = FALSE
	EndGlobalSection
EndGlobal
